
Microsoft Visual Studio Solution File, Format Version 12.00
# Visual Studio Version 16
VisualStudioVersion = 16.0.32126.315
MinimumVisualStudioVersion = 10.0.40219.1
Project("{9A19103F-16F7-4668-BE54-9A1E7A4F7556}") = "AutomatMediciones.DesktopApp", "AutomatMediciones.DesktopApp\AutomatMediciones.DesktopApp.csproj", "{465FF90B-88AC-451D-9EB1-A104BFC2B1AB}"
EndProject
Project("{9A19103F-16F7-4668-BE54-9A1E7A4F7556}") = "AutomatMediciones.Libs", "AutomatMediciones.Libs\AutomatMediciones.Libs.csproj", "{1E35902D-39F3-43CF-9B5B-A06CB181C792}"
EndProject
Project("{FAE04EC0-301F-11D3-BF4B-00C04F79EFBC}") = "AutomatMediciones.Dominio", "AutomatMediciones.Dominio\AutomatMediciones.Dominio.csproj", "{1CE081C7-479F-4451-AB8C-545B49571069}"
EndProject
Global
	GlobalSection(SolutionConfigurationPlatforms) = preSolution
		Debug|Any CPU = Debug|Any CPU
		Release|Any CPU = Release|Any CPU
	EndGlobalSection
	GlobalSection(ProjectConfigurationPlatforms) = postSolution
		{465FF90B-88AC-451D-9EB1-A104BFC2B1AB}.Debug|Any CPU.ActiveCfg = Debug|Any CPU
		{465FF90B-88AC-451D-9EB1-A104BFC2B1AB}.Debug|Any CPU.Build.0 = Debug|Any CPU
		{465FF90B-88AC-451D-9EB1-A104BFC2B1AB}.Release|Any CPU.ActiveCfg = Release|Any CPU
		{465FF90B-88AC-451D-9EB1-A104BFC2B1AB}.Release|Any CPU.Build.0 = Release|Any CPU
		{1E35902D-39F3-43CF-9B5B-A06CB181C792}.Debug|Any CPU.ActiveCfg = Debug|Any CPU
		{1E35902D-39F3-43CF-9B5B-A06CB181C792}.Debug|Any CPU.Build.0 = Debug|Any CPU
		{1E35902D-39F3-43CF-9B5B-A06CB181C792}.Release|Any CPU.ActiveCfg = Release|Any CPU
		{1E35902D-39F3-43CF-9B5B-A06CB181C792}.Release|Any CPU.Build.0 = Release|Any CPU
		{1CE081C7-479F-4451-AB8C-545B49571069}.Debug|Any CPU.ActiveCfg = Debug|Any CPU
		{1CE081C7-479F-4451-AB8C-545B49571069}.Debug|Any CPU.Build.0 = Debug|Any CPU
		{1CE081C7-479F-4451-AB8C-545B49571069}.Release|Any CPU.ActiveCfg = Release|Any CPU
		{1CE081C7-479F-4451-AB8C-545B49571069}.Release|Any CPU.Build.0 = Release|Any CPU
	EndGlobalSection
	GlobalSection(SolutionProperties) = preSolution
		HideSolutionNode = FALSE
	EndGlobalSection
	GlobalSection(ExtensibilityGlobals) = postSolution
		SolutionGuid = {56CCED2A-1274-430F-AAB4-12DA589CB598}
	EndGlobalSection
EndGlobal
