
Microsoft Visual Studio Solution File, Format Version 12.00
# Visual Studio Version 16
VisualStudioVersion = 16.0.32126.315
MinimumVisualStudioVersion = 10.0.40219.1
Project("{9A19103F-16F7-4668-BE54-9A1E7A4F7556}") = "AutomatMediciones.DesktopApp", "TacticaReparaciones.DesktopApp\AutomatMediciones.DesktopApp.csproj", "{D1C863BD-0BFC-4273-97D7-F246CB226E91}"
EndProject
Project("{9A19103F-16F7-4668-BE54-9A1E7A4F7556}") = "AutomatMediciones.Servicios", "TacticaReparaciones.Servicios\AutomatMediciones.Servicios.csproj", "{5E7C242D-1B89-47A8-BB69-6C8B8B0B704F}"
EndProject
Project("{9A19103F-16F7-4668-BE54-9A1E7A4F7556}") = "AutomatMediciones.Libs", "TacticaReparaciones.Libs\AutomatMediciones.Libs.csproj", "{78096844-AE02-4D89-95CA-071B04D97C9A}"
EndProject
Global
	GlobalSection(SolutionConfigurationPlatforms) = preSolution
		Debug|Any CPU = Debug|Any CPU
		Release|Any CPU = Release|Any CPU
	EndGlobalSection
	GlobalSection(ProjectConfigurationPlatforms) = postSolution
		{D1C863BD-0BFC-4273-97D7-F246CB226E91}.Debug|Any CPU.ActiveCfg = Debug|Any CPU
		{D1C863BD-0BFC-4273-97D7-F246CB226E91}.Debug|Any CPU.Build.0 = Debug|Any CPU
		{D1C863BD-0BFC-4273-97D7-F246CB226E91}.Release|Any CPU.ActiveCfg = Release|Any CPU
		{D1C863BD-0BFC-4273-97D7-F246CB226E91}.Release|Any CPU.Build.0 = Release|Any CPU
		{5E7C242D-1B89-47A8-BB69-6C8B8B0B704F}.Debug|Any CPU.ActiveCfg = Debug|Any CPU
		{5E7C242D-1B89-47A8-BB69-6C8B8B0B704F}.Debug|Any CPU.Build.0 = Debug|Any CPU
		{5E7C242D-1B89-47A8-BB69-6C8B8B0B704F}.Release|Any CPU.ActiveCfg = Release|Any CPU
		{5E7C242D-1B89-47A8-BB69-6C8B8B0B704F}.Release|Any CPU.Build.0 = Release|Any CPU
		{78096844-AE02-4D89-95CA-071B04D97C9A}.Debug|Any CPU.ActiveCfg = Debug|Any CPU
		{78096844-AE02-4D89-95CA-071B04D97C9A}.Debug|Any CPU.Build.0 = Debug|Any CPU
		{78096844-AE02-4D89-95CA-071B04D97C9A}.Release|Any CPU.ActiveCfg = Release|Any CPU
		{78096844-AE02-4D89-95CA-071B04D97C9A}.Release|Any CPU.Build.0 = Release|Any CPU
	EndGlobalSection
	GlobalSection(SolutionProperties) = preSolution
		HideSolutionNode = FALSE
	EndGlobalSection
	GlobalSection(ExtensibilityGlobals) = postSolution
		SolutionGuid = {56CCED2A-1274-430F-AAB4-12DA589CB598}
	EndGlobalSection
EndGlobal
